
Microsoft Visual Studio Solution File, Format Version 12.00
# Visual Studio 14
VisualStudioVersion = 14.0.25420.1
MinimumVisualStudioVersion = 10.0.40219.1
Project("{FAE04EC0-301F-11D3-BF4B-00C04F79EFBC}") = "MICRM-Mobile", "MICRM-Mobile\MICRM-Mobile.csproj", "{9D173CDA-07AE-4375-A5CD-C5EEC8E69858}"
EndProject
Project("{FAE04EC0-301F-11D3-BF4B-00C04F79EFBC}") = "MICRM-M iOS", "MICRM-M iOS\MICRM-M iOS.csproj", "{F00CF6DD-EBA2-4A60-A155-113D0BCF19DD}"
EndProject
Global
	GlobalSection(SolutionConfigurationPlatforms) = preSolution
		Ad-Hoc|Any CPU = Ad-Hoc|Any CPU
		Ad-Hoc|iPhone = Ad-Hoc|iPhone
		Ad-Hoc|iPhoneSimulator = Ad-Hoc|iPhoneSimulator
		AppStore|Any CPU = AppStore|Any CPU
		AppStore|iPhone = AppStore|iPhone
		AppStore|iPhoneSimulator = AppStore|iPhoneSimulator
		Debug|Any CPU = Debug|Any CPU
		Debug|iPhone = Debug|iPhone
		Debug|iPhoneSimulator = Debug|iPhoneSimulator
		Release|Any CPU = Release|Any CPU
		Release|iPhone = Release|iPhone
		Release|iPhoneSimulator = Release|iPhoneSimulator
	EndGlobalSection
	GlobalSection(ProjectConfigurationPlatforms) = postSolution
		{9D173CDA-07AE-4375-A5CD-C5EEC8E69858}.Ad-Hoc|Any CPU.ActiveCfg = Release|Any CPU
		{9D173CDA-07AE-4375-A5CD-C5EEC8E69858}.Ad-Hoc|Any CPU.Build.0 = Release|Any CPU
		{9D173CDA-07AE-4375-A5CD-C5EEC8E69858}.Ad-Hoc|Any CPU.Deploy.0 = Release|Any CPU
		{9D173CDA-07AE-4375-A5CD-C5EEC8E69858}.Ad-Hoc|iPhone.ActiveCfg = Release|Any CPU
		{9D173CDA-07AE-4375-A5CD-C5EEC8E69858}.Ad-Hoc|iPhone.Build.0 = Release|Any CPU
		{9D173CDA-07AE-4375-A5CD-C5EEC8E69858}.Ad-Hoc|iPhone.Deploy.0 = Release|Any CPU
		{9D173CDA-07AE-4375-A5CD-C5EEC8E69858}.Ad-Hoc|iPhoneSimulator.ActiveCfg = Release|Any CPU
		{9D173CDA-07AE-4375-A5CD-C5EEC8E69858}.Ad-Hoc|iPhoneSimulator.Build.0 = Release|Any CPU
		{9D173CDA-07AE-4375-A5CD-C5EEC8E69858}.Ad-Hoc|iPhoneSimulator.Deploy.0 = Release|Any CPU
		{9D173CDA-07AE-4375-A5CD-C5EEC8E69858}.AppStore|Any CPU.ActiveCfg = Release|Any CPU
		{9D173CDA-07AE-4375-A5CD-C5EEC8E69858}.AppStore|Any CPU.Build.0 = Release|Any CPU
		{9D173CDA-07AE-4375-A5CD-C5EEC8E69858}.AppStore|Any CPU.Deploy.0 = Release|Any CPU
		{9D173CDA-07AE-4375-A5CD-C5EEC8E69858}.AppStore|iPhone.ActiveCfg = Release|Any CPU
		{9D173CDA-07AE-4375-A5CD-C5EEC8E69858}.AppStore|iPhone.Build.0 = Release|Any CPU
		{9D173CDA-07AE-4375-A5CD-C5EEC8E69858}.AppStore|iPhone.Deploy.0 = Release|Any CPU
		{9D173CDA-07AE-4375-A5CD-C5EEC8E69858}.AppStore|iPhoneSimulator.ActiveCfg = Release|Any CPU
		{9D173CDA-07AE-4375-A5CD-C5EEC8E69858}.AppStore|iPhoneSimulator.Build.0 = Release|Any CPU
		{9D173CDA-07AE-4375-A5CD-C5EEC8E69858}.AppStore|iPhoneSimulator.Deploy.0 = Release|Any CPU
		{9D173CDA-07AE-4375-A5CD-C5EEC8E69858}.Debug|Any CPU.ActiveCfg = Debug|Any CPU
		{9D173CDA-07AE-4375-A5CD-C5EEC8E69858}.Debug|Any CPU.Build.0 = Debug|Any CPU
		{9D173CDA-07AE-4375-A5CD-C5EEC8E69858}.Debug|Any CPU.Deploy.0 = Debug|Any CPU
		{9D173CDA-07AE-4375-A5CD-C5EEC8E69858}.Debug|iPhone.ActiveCfg = Debug|Any CPU
		{9D173CDA-07AE-4375-A5CD-C5EEC8E69858}.Debug|iPhone.Build.0 = Debug|Any CPU
		{9D173CDA-07AE-4375-A5CD-C5EEC8E69858}.Debug|iPhone.Deploy.0 = Debug|Any CPU
		{9D173CDA-07AE-4375-A5CD-C5EEC8E69858}.Debug|iPhoneSimulator.ActiveCfg = Debug|Any CPU
		{9D173CDA-07AE-4375-A5CD-C5EEC8E69858}.Debug|iPhoneSimulator.Build.0 = Debug|Any CPU
		{9D173CDA-07AE-4375-A5CD-C5EEC8E69858}.Debug|iPhoneSimulator.Deploy.0 = Debug|Any CPU
		{9D173CDA-07AE-4375-A5CD-C5EEC8E69858}.Release|Any CPU.ActiveCfg = Release|Any CPU
		{9D173CDA-07AE-4375-A5CD-C5EEC8E69858}.Release|Any CPU.Build.0 = Release|Any CPU
		{9D173CDA-07AE-4375-A5CD-C5EEC8E69858}.Release|Any CPU.Deploy.0 = Release|Any CPU
		{9D173CDA-07AE-4375-A5CD-C5EEC8E69858}.Release|iPhone.ActiveCfg = Release|Any CPU
		{9D173CDA-07AE-4375-A5CD-C5EEC8E69858}.Release|iPhone.Build.0 = Release|Any CPU
		{9D173CDA-07AE-4375-A5CD-C5EEC8E69858}.Release|iPhone.Deploy.0 = Release|Any CPU
		{9D173CDA-07AE-4375-A5CD-C5EEC8E69858}.Release|iPhoneSimulator.ActiveCfg = Release|Any CPU
		{9D173CDA-07AE-4375-A5CD-C5EEC8E69858}.Release|iPhoneSimulator.Build.0 = Release|Any CPU
		{9D173CDA-07AE-4375-A5CD-C5EEC8E69858}.Release|iPhoneSimulator.Deploy.0 = Release|Any CPU
		{F00CF6DD-EBA2-4A60-A155-113D0BCF19DD}.Ad-Hoc|Any CPU.ActiveCfg = Ad-Hoc|iPhone
		{F00CF6DD-EBA2-4A60-A155-113D0BCF19DD}.Ad-Hoc|iPhone.ActiveCfg = Ad-Hoc|iPhone
		{F00CF6DD-EBA2-4A60-A155-113D0BCF19DD}.Ad-Hoc|iPhone.Build.0 = Ad-Hoc|iPhone
		{F00CF6DD-EBA2-4A60-A155-113D0BCF19DD}.Ad-Hoc|iPhoneSimulator.ActiveCfg = Ad-Hoc|iPhoneSimulator
		{F00CF6DD-EBA2-4A60-A155-113D0BCF19DD}.Ad-Hoc|iPhoneSimulator.Build.0 = Ad-Hoc|iPhoneSimulator
		{F00CF6DD-EBA2-4A60-A155-113D0BCF19DD}.AppStore|Any CPU.ActiveCfg = AppStore|iPhone
		{F00CF6DD-EBA2-4A60-A155-113D0BCF19DD}.AppStore|iPhone.ActiveCfg = AppStore|iPhone
		{F00CF6DD-EBA2-4A60-A155-113D0BCF19DD}.AppStore|iPhone.Build.0 = AppStore|iPhone
		{F00CF6DD-EBA2-4A60-A155-113D0BCF19DD}.AppStore|iPhoneSimulator.ActiveCfg = AppStore|iPhoneSimulator
		{F00CF6DD-EBA2-4A60-A155-113D0BCF19DD}.AppStore|iPhoneSimulator.Build.0 = AppStore|iPhoneSimulator
		{F00CF6DD-EBA2-4A60-A155-113D0BCF19DD}.Debug|Any CPU.ActiveCfg = Debug|iPhone
		{F00CF6DD-EBA2-4A60-A155-113D0BCF19DD}.Debug|iPhone.ActiveCfg = Debug|iPhone
		{F00CF6DD-EBA2-4A60-A155-113D0BCF19DD}.Debug|iPhone.Build.0 = Debug|iPhone
		{F00CF6DD-EBA2-4A60-A155-113D0BCF19DD}.Debug|iPhoneSimulator.ActiveCfg = Debug|iPhoneSimulator
		{F00CF6DD-EBA2-4A60-A155-113D0BCF19DD}.Debug|iPhoneSimulator.Build.0 = Debug|iPhoneSimulator
		{F00CF6DD-EBA2-4A60-A155-113D0BCF19DD}.Release|Any CPU.ActiveCfg = Release|iPhone
		{F00CF6DD-EBA2-4A60-A155-113D0BCF19DD}.Release|iPhone.ActiveCfg = Release|iPhone
		{F00CF6DD-EBA2-4A60-A155-113D0BCF19DD}.Release|iPhone.Build.0 = Release|iPhone
		{F00CF6DD-EBA2-4A60-A155-113D0BCF19DD}.Release|iPhoneSimulator.ActiveCfg = Release|iPhoneSimulator
		{F00CF6DD-EBA2-4A60-A155-113D0BCF19DD}.Release|iPhoneSimulator.Build.0 = Release|iPhoneSimulator
	EndGlobalSection
	GlobalSection(SolutionProperties) = preSolution
		HideSolutionNode = FALSE
	EndGlobalSection
EndGlobal
